
Microsoft Visual Studio Solution File, Format Version 12.00
# Visual Studio Version 16
VisualStudioVersion = 16.0.31005.135
MinimumVisualStudioVersion = 10.0.40219.1
Project("{9A19103F-16F7-4668-BE54-9A1E7A4F7556}") = "Gtt.FastPass", "Gtt.FastPass\Gtt.FastPass.csproj", "{70D8DD3E-21CB-431D-A0CA-F1068683753D}"
EndProject
Project("{FAE04EC0-301F-11D3-BF4B-00C04F79EFBC}") = "Gtt.FastPass.Sample", "Gtt.FastPass.Sample\Gtt.FastPass.Sample.csproj", "{5E510976-6DF4-4A58-A238-4E7A886F9E6E}"
EndProject
Global
	GlobalSection(SolutionConfigurationPlatforms) = preSolution
		Debug|Any CPU = Debug|Any CPU
		Release|Any CPU = Release|Any CPU
	EndGlobalSection
	GlobalSection(ProjectConfigurationPlatforms) = postSolution
		{70D8DD3E-21CB-431D-A0CA-F1068683753D}.Debug|Any CPU.ActiveCfg = Debug|Any CPU
		{70D8DD3E-21CB-431D-A0CA-F1068683753D}.Debug|Any CPU.Build.0 = Debug|Any CPU
		{70D8DD3E-21CB-431D-A0CA-F1068683753D}.Release|Any CPU.ActiveCfg = Release|Any CPU
		{70D8DD3E-21CB-431D-A0CA-F1068683753D}.Release|Any CPU.Build.0 = Release|Any CPU
		{5E510976-6DF4-4A58-A238-4E7A886F9E6E}.Debug|Any CPU.ActiveCfg = Debug|Any CPU
		{5E510976-6DF4-4A58-A238-4E7A886F9E6E}.Debug|Any CPU.Build.0 = Debug|Any CPU
		{5E510976-6DF4-4A58-A238-4E7A886F9E6E}.Release|Any CPU.ActiveCfg = Release|Any CPU
		{5E510976-6DF4-4A58-A238-4E7A886F9E6E}.Release|Any CPU.Build.0 = Release|Any CPU
	EndGlobalSection
	GlobalSection(SolutionProperties) = preSolution
		HideSolutionNode = FALSE
	EndGlobalSection
	GlobalSection(ExtensibilityGlobals) = postSolution
		SolutionGuid = {4F2C17FB-C41E-4B04-A800-F90320627B4C}
	EndGlobalSection
EndGlobal
